
Microsoft Visual Studio Solution File, Format Version 12.00
# Visual Studio Version 17
VisualStudioVersion = 17.14.36310.24 d17.14
MinimumVisualStudioVersion = 10.0.40219.1
Project("{2150E333-8FDC-42A3-9474-1A3956D46DE8}") = "Tests", "Tests", "{02EA681E-C7D8-13C7-8484-4AC65E1B71E8}"
EndProject
Project("{FAE04EC0-301F-11D3-BF4B-00C04F79EFBC}") = "Demo02.Modules.ModuleName.Tests", "Demo02\Tests\Demo02.Modules.ModuleName.Tests\Demo02.Modules.ModuleName.Tests.csproj", "{E76D2F4F-84C7-F714-4313-25B45B9812BE}"
EndProject
Project("{2150E333-8FDC-42A3-9474-1A3956D46DE8}") = "Modules", "Modules", "{DDECF113-9567-4475-84F7-C406D525DEA5}"
EndProject
Project("{FAE04EC0-301F-11D3-BF4B-00C04F79EFBC}") = "Demo02.Modules.ModuleName", "Demo02\Modules\Demo02.Modules.ModuleName\Demo02.Modules.ModuleName.csproj", "{4AEE490F-6FF1-A1EE-B246-3DEA32003B81}"
EndProject
Project("{2150E333-8FDC-42A3-9474-1A3956D46DE8}") = "Services", "Services", "{B72B8552-F60C-4E52-8411-6C8CB7B12066}"
EndProject
Project("{FAE04EC0-301F-11D3-BF4B-00C04F79EFBC}") = "Demo02.Services", "Demo02\Services\Demo02.Services\Demo02.Services.csproj", "{1894954C-00E1-4A9A-5CFD-CC1ADF2B762B}"
EndProject
Project("{FAE04EC0-301F-11D3-BF4B-00C04F79EFBC}") = "Demo02.Services.Interfaces", "Demo02\Services\Demo02.Services.Interfaces\Demo02.Services.Interfaces.csproj", "{48961B63-D844-6C55-C118-CDCF7C02753D}"
EndProject
Project("{FAE04EC0-301F-11D3-BF4B-00C04F79EFBC}") = "Demo02", "Demo02\Demo02\Demo02.csproj", "{86C8563D-40E0-2EB1-2A3E-BED1E1CB81CF}"
EndProject
Project("{FAE04EC0-301F-11D3-BF4B-00C04F79EFBC}") = "Demo02.Core", "Demo02\Demo02.Core\Demo02.Core.csproj", "{3836689B-AACF-98B9-461E-CA780D8F50F1}"
EndProject
Global
	GlobalSection(SolutionConfigurationPlatforms) = preSolution
		Debug|Any CPU = Debug|Any CPU
		Release|Any CPU = Release|Any CPU
	EndGlobalSection
	GlobalSection(ProjectConfigurationPlatforms) = postSolution
		{E76D2F4F-84C7-F714-4313-25B45B9812BE}.Debug|Any CPU.ActiveCfg = Debug|Any CPU
		{E76D2F4F-84C7-F714-4313-25B45B9812BE}.Debug|Any CPU.Build.0 = Debug|Any CPU
		{E76D2F4F-84C7-F714-4313-25B45B9812BE}.Release|Any CPU.ActiveCfg = Release|Any CPU
		{E76D2F4F-84C7-F714-4313-25B45B9812BE}.Release|Any CPU.Build.0 = Release|Any CPU
		{4AEE490F-6FF1-A1EE-B246-3DEA32003B81}.Debug|Any CPU.ActiveCfg = Debug|Any CPU
		{4AEE490F-6FF1-A1EE-B246-3DEA32003B81}.Debug|Any CPU.Build.0 = Debug|Any CPU
		{4AEE490F-6FF1-A1EE-B246-3DEA32003B81}.Release|Any CPU.ActiveCfg = Release|Any CPU
		{4AEE490F-6FF1-A1EE-B246-3DEA32003B81}.Release|Any CPU.Build.0 = Release|Any CPU
		{1894954C-00E1-4A9A-5CFD-CC1ADF2B762B}.Debug|Any CPU.ActiveCfg = Debug|Any CPU
		{1894954C-00E1-4A9A-5CFD-CC1ADF2B762B}.Debug|Any CPU.Build.0 = Debug|Any CPU
		{1894954C-00E1-4A9A-5CFD-CC1ADF2B762B}.Release|Any CPU.ActiveCfg = Release|Any CPU
		{1894954C-00E1-4A9A-5CFD-CC1ADF2B762B}.Release|Any CPU.Build.0 = Release|Any CPU
		{48961B63-D844-6C55-C118-CDCF7C02753D}.Debug|Any CPU.ActiveCfg = Debug|Any CPU
		{48961B63-D844-6C55-C118-CDCF7C02753D}.Debug|Any CPU.Build.0 = Debug|Any CPU
		{48961B63-D844-6C55-C118-CDCF7C02753D}.Release|Any CPU.ActiveCfg = Release|Any CPU
		{48961B63-D844-6C55-C118-CDCF7C02753D}.Release|Any CPU.Build.0 = Release|Any CPU
		{86C8563D-40E0-2EB1-2A3E-BED1E1CB81CF}.Debug|Any CPU.ActiveCfg = Debug|Any CPU
		{86C8563D-40E0-2EB1-2A3E-BED1E1CB81CF}.Debug|Any CPU.Build.0 = Debug|Any CPU
		{86C8563D-40E0-2EB1-2A3E-BED1E1CB81CF}.Release|Any CPU.ActiveCfg = Release|Any CPU
		{86C8563D-40E0-2EB1-2A3E-BED1E1CB81CF}.Release|Any CPU.Build.0 = Release|Any CPU
		{3836689B-AACF-98B9-461E-CA780D8F50F1}.Debug|Any CPU.ActiveCfg = Debug|Any CPU
		{3836689B-AACF-98B9-461E-CA780D8F50F1}.Debug|Any CPU.Build.0 = Debug|Any CPU
		{3836689B-AACF-98B9-461E-CA780D8F50F1}.Release|Any CPU.ActiveCfg = Release|Any CPU
		{3836689B-AACF-98B9-461E-CA780D8F50F1}.Release|Any CPU.Build.0 = Release|Any CPU
	EndGlobalSection
	GlobalSection(SolutionProperties) = preSolution
		HideSolutionNode = FALSE
	EndGlobalSection
	GlobalSection(NestedProjects) = preSolution
		{E76D2F4F-84C7-F714-4313-25B45B9812BE} = {02EA681E-C7D8-13C7-8484-4AC65E1B71E8}
		{4AEE490F-6FF1-A1EE-B246-3DEA32003B81} = {DDECF113-9567-4475-84F7-C406D525DEA5}
		{1894954C-00E1-4A9A-5CFD-CC1ADF2B762B} = {B72B8552-F60C-4E52-8411-6C8CB7B12066}
		{48961B63-D844-6C55-C118-CDCF7C02753D} = {B72B8552-F60C-4E52-8411-6C8CB7B12066}
	EndGlobalSection
	GlobalSection(ExtensibilityGlobals) = postSolution
		SolutionGuid = {9C12B520-70B4-4843-BC4A-6BA47F153B20}
	EndGlobalSection
EndGlobal
